
Microsoft Visual Studio Solution File, Format Version 12.00
# Visual Studio Version 17
VisualStudioVersion = 17.0.31903.59
MinimumVisualStudioVersion = 10.0.40219.1
Project("{FAE04EC0-301F-11D3-BF4B-00C04F79EFBC}") = "DonutAPI.AppHost", "DonutAPI.AppHost\DonutAPI.AppHost.csproj", "{513A9295-A3CC-4E14-9CDA-D248ADBE4266}"
EndProject
Project("{FAE04EC0-301F-11D3-BF4B-00C04F79EFBC}") = "DonutAPI.ServiceDefaults", "DonutAPI.ServiceDefaults\DonutAPI.ServiceDefaults.csproj", "{B9A9944B-48CA-412A-BA6B-B1287E2141C4}"
EndProject
Project("{FAE04EC0-301F-11D3-BF4B-00C04F79EFBC}") = "DonutAPI.ApiService", "DonutAPI.ApiService\DonutAPI.ApiService.csproj", "{AB0ADE28-3C2E-4EE2-A3CC-93D6EE733853}"
EndProject
Project("{FAE04EC0-301F-11D3-BF4B-00C04F79EFBC}") = "DonutAPI.Web", "DonutAPI.Web\DonutAPI.Web.csproj", "{50798175-75E5-49BC-B0AA-D0D3CF272A0C}"
EndProject
Global
	GlobalSection(SolutionConfigurationPlatforms) = preSolution
		Debug|Any CPU = Debug|Any CPU
		Release|Any CPU = Release|Any CPU
	EndGlobalSection
	GlobalSection(SolutionProperties) = preSolution
		HideSolutionNode = FALSE
	EndGlobalSection
	GlobalSection(ProjectConfigurationPlatforms) = postSolution
		{513A9295-A3CC-4E14-9CDA-D248ADBE4266}.Debug|Any CPU.ActiveCfg = Debug|Any CPU
		{513A9295-A3CC-4E14-9CDA-D248ADBE4266}.Debug|Any CPU.Build.0 = Debug|Any CPU
		{513A9295-A3CC-4E14-9CDA-D248ADBE4266}.Release|Any CPU.ActiveCfg = Release|Any CPU
		{513A9295-A3CC-4E14-9CDA-D248ADBE4266}.Release|Any CPU.Build.0 = Release|Any CPU
		{B9A9944B-48CA-412A-BA6B-B1287E2141C4}.Debug|Any CPU.ActiveCfg = Debug|Any CPU
		{B9A9944B-48CA-412A-BA6B-B1287E2141C4}.Debug|Any CPU.Build.0 = Debug|Any CPU
		{B9A9944B-48CA-412A-BA6B-B1287E2141C4}.Release|Any CPU.ActiveCfg = Release|Any CPU
		{B9A9944B-48CA-412A-BA6B-B1287E2141C4}.Release|Any CPU.Build.0 = Release|Any CPU
		{AB0ADE28-3C2E-4EE2-A3CC-93D6EE733853}.Debug|Any CPU.ActiveCfg = Debug|Any CPU
		{AB0ADE28-3C2E-4EE2-A3CC-93D6EE733853}.Debug|Any CPU.Build.0 = Debug|Any CPU
		{AB0ADE28-3C2E-4EE2-A3CC-93D6EE733853}.Release|Any CPU.ActiveCfg = Release|Any CPU
		{AB0ADE28-3C2E-4EE2-A3CC-93D6EE733853}.Release|Any CPU.Build.0 = Release|Any CPU
		{50798175-75E5-49BC-B0AA-D0D3CF272A0C}.Debug|Any CPU.ActiveCfg = Debug|Any CPU
		{50798175-75E5-49BC-B0AA-D0D3CF272A0C}.Debug|Any CPU.Build.0 = Debug|Any CPU
		{50798175-75E5-49BC-B0AA-D0D3CF272A0C}.Release|Any CPU.ActiveCfg = Release|Any CPU
		{50798175-75E5-49BC-B0AA-D0D3CF272A0C}.Release|Any CPU.Build.0 = Release|Any CPU
	EndGlobalSection
EndGlobal
